// !$*UTF8*$!
{
	archiveVersion = 1;
	classes = {
	};
	objectVersion = 46;
	objects = {

/* Begin PBXBuildFile section */
		6B03E63E1F2B066E00E24F1A /* HTTPCookieManager.swift in Sources */ = {isa = PBXBuildFile; fileRef = 6B03E63D1F2B066E00E24F1A /* HTTPCookieManager.swift */; };
		6BC3E78D1E87A2C400389903 /* AppDelegate.swift in Sources */ = {isa = PBXBuildFile; fileRef = 6BC3E78C1E87A2C400389903 /* AppDelegate.swift */; };
		6BC3E78F1E87A2C400389903 /* ViewController.swift in Sources */ = {isa = PBXBuildFile; fileRef = 6BC3E78E1E87A2C400389903 /* ViewController.swift */; };
		6BC3E7921E87A2C400389903 /* Main.storyboard in Resources */ = {isa = PBXBuildFile; fileRef = 6BC3E7901E87A2C400389903 /* Main.storyboard */; };
		6BC3E7941E87A2C400389903 /* Assets.xcassets in Resources */ = {isa = PBXBuildFile; fileRef = 6BC3E7931E87A2C400389903 /* Assets.xcassets */; };
		6BC3E7971E87A2C400389903 /* LaunchScreen.storyboard in Resources */ = {isa = PBXBuildFile; fileRef = 6BC3E7951E87A2C400389903 /* LaunchScreen.storyboard */; };
		6BC3E7A11E87A2FA00389903 /* Download.swift in Sources */ = {isa = PBXBuildFile; fileRef = 6BC3E79F1E87A2FA00389903 /* Download.swift */; };
		6BC3E7A21E87A2FA00389903 /* DownloadManager.swift in Sources */ = {isa = PBXBuildFile; fileRef = 6BC3E7A01E87A2FA00389903 /* DownloadManager.swift */; };
		6BC3E7A51E88A60E00389903 /* HTTPManager.swift in Sources */ = {isa = PBXBuildFile; fileRef = 6BC3E7A41E88A60E00389903 /* HTTPManager.swift */; };
		6BC3E7A71E88A6AE00389903 /* HTTPMethod.swift in Sources */ = {isa = PBXBuildFile; fileRef = 6BC3E7A61E88A6AE00389903 /* HTTPMethod.swift */; };
		6BE57A211F1C640A00123447 /* Network.swift in Sources */ = {isa = PBXBuildFile; fileRef = 6BE57A201F1C640A00123447 /* Network.swift */; };
		6BE57A231F1C694300123447 /* UpdateFile.swift in Sources */ = {isa = PBXBuildFile; fileRef = 6BE57A221F1C694300123447 /* UpdateFile.swift */; };
		6BE57A271F1C94E100123447 /* lvwenhancom.cer in Resources */ = {isa = PBXBuildFile; fileRef = 6BE57A261F1C94E100123447 /* lvwenhancom.cer */; };
/* End PBXBuildFile section */

/* Begin PBXFileReference section */
		6B03E63D1F2B066E00E24F1A /* HTTPCookieManager.swift */ = {isa = PBXFileReference; fileEncoding = 4; lastKnownFileType = sourcecode.swift; path = HTTPCookieManager.swift; sourceTree = "<group>"; };
		6BC3E7891E87A2C400389903 /* Example.app */ = {isa = PBXFileReference; explicitFileType = wrapper.application; includeInIndex = 0; path = Example.app; sourceTree = BUILT_PRODUCTS_DIR; };
		6BC3E78C1E87A2C400389903 /* AppDelegate.swift */ = {isa = PBXFileReference; lastKnownFileType = sourcecode.swift; path = AppDelegate.swift; sourceTree = "<group>"; };
		6BC3E78E1E87A2C400389903 /* ViewController.swift */ = {isa = PBXFileReference; lastKnownFileType = sourcecode.swift; path = ViewController.swift; sourceTree = "<group>"; };
		6BC3E7911E87A2C400389903 /* Base */ = {isa = PBXFileReference; lastKnownFileType = file.storyboard; name = Base; path = Base.lproj/Main.storyboard; sourceTree = "<group>"; };
		6BC3E7931E87A2C400389903 /* Assets.xcassets */ = {isa = PBXFileReference; lastKnownFileType = folder.assetcatalog; path = Assets.xcassets; sourceTree = "<group>"; };
		6BC3E7961E87A2C400389903 /* Base */ = {isa = PBXFileReference; lastKnownFileType = file.storyboard; name = Base; path = Base.lproj/LaunchScreen.storyboard; sourceTree = "<group>"; };
		6BC3E7981E87A2C400389903 /* Info.plist */ = {isa = PBXFileReference; lastKnownFileType = text.plist.xml; path = Info.plist; sourceTree = "<group>"; };
		6BC3E79F1E87A2FA00389903 /* Download.swift */ = {isa = PBXFileReference; fileEncoding = 4; lastKnownFileType = sourcecode.swift; path = Download.swift; sourceTree = "<group>"; };
		6BC3E7A01E87A2FA00389903 /* DownloadManager.swift */ = {isa = PBXFileReference; fileEncoding = 4; lastKnownFileType = sourcecode.swift; path = DownloadManager.swift; sourceTree = "<group>"; };
		6BC3E7A41E88A60E00389903 /* HTTPManager.swift */ = {isa = PBXFileReference; fileEncoding = 4; lastKnownFileType = sourcecode.swift; path = HTTPManager.swift; sourceTree = "<group>"; };
		6BC3E7A61E88A6AE00389903 /* HTTPMethod.swift */ = {isa = PBXFileReference; fileEncoding = 4; lastKnownFileType = sourcecode.swift; path = HTTPMethod.swift; sourceTree = "<group>"; };
		6BE57A201F1C640A00123447 /* Network.swift */ = {isa = PBXFileReference; fileEncoding = 4; lastKnownFileType = sourcecode.swift; path = Network.swift; sourceTree = "<group>"; };
		6BE57A221F1C694300123447 /* UpdateFile.swift */ = {isa = PBXFileReference; fileEncoding = 4; lastKnownFileType = sourcecode.swift; path = UpdateFile.swift; sourceTree = "<group>"; };
		6BE57A261F1C94E100123447 /* lvwenhancom.cer */ = {isa = PBXFileReference; lastKnownFileType = file; path = lvwenhancom.cer; sourceTree = "<group>"; };
/* End PBXFileReference section */

/* Begin PBXFrameworksBuildPhase section */
		6BC3E7861E87A2C400389903 /* Frameworks */ = {
			isa = PBXFrameworksBuildPhase;
			buildActionMask = 2147483647;
			files = (
			);
			runOnlyForDeploymentPostprocessing = 0;
		};
/* End PBXFrameworksBuildPhase section */

/* Begin PBXGroup section */
		6BC3E7801E87A2C400389903 = {
			isa = PBXGroup;
			children = (
				6BC3E79E1E87A2FA00389903 /* NetworkManager */,
				6BC3E78B1E87A2C400389903 /* Example */,
				6BC3E78A1E87A2C400389903 /* Products */,
			);
			sourceTree = "<group>";
		};
		6BC3E78A1E87A2C400389903 /* Products */ = {
			isa = PBXGroup;
			children = (
				6BC3E7891E87A2C400389903 /* Example.app */,
			);
			name = Products;
			sourceTree = "<group>";
		};
		6BC3E78B1E87A2C400389903 /* Example */ = {
			isa = PBXGroup;
			children = (
				6BC3E78C1E87A2C400389903 /* AppDelegate.swift */,
				6BC3E78E1E87A2C400389903 /* ViewController.swift */,
				6BC3E7901E87A2C400389903 /* Main.storyboard */,
				6BC3E7931E87A2C400389903 /* Assets.xcassets */,
				6BC3E7951E87A2C400389903 /* LaunchScreen.storyboard */,
				6BC3E7981E87A2C400389903 /* Info.plist */,
				6BE57A261F1C94E100123447 /* lvwenhancom.cer */,
			);
			path = Example;
			sourceTree = "<group>";
		};
		6BC3E79E1E87A2FA00389903 /* NetworkManager */ = {
			isa = PBXGroup;
			children = (
				6BC3E79F1E87A2FA00389903 /* Download.swift */,
				6BC3E7A01E87A2FA00389903 /* DownloadManager.swift */,
				6BC3E7A41E88A60E00389903 /* HTTPManager.swift */,
				6B03E63D1F2B066E00E24F1A /* HTTPCookieManager.swift */,
				6BC3E7A61E88A6AE00389903 /* HTTPMethod.swift */,
				6BE57A221F1C694300123447 /* UpdateFile.swift */,
				6BE57A201F1C640A00123447 /* Network.swift */,
			);
			name = NetworkManager;
			path = ../NetworkManager;
			sourceTree = "<group>";
		};
/* End PBXGroup section */

/* Begin PBXNativeTarget section */
		6BC3E7881E87A2C400389903 /* Example */ = {
			isa = PBXNativeTarget;
			buildConfigurationList = 6BC3E79B1E87A2C400389903 /* Build configuration list for PBXNativeTarget "Example" */;
			buildPhases = (
				6BC3E7851E87A2C400389903 /* Sources */,
				6BC3E7861E87A2C400389903 /* Frameworks */,
				6BC3E7871E87A2C400389903 /* Resources */,
			);
			buildRules = (
			);
			dependencies = (
			);
			name = Example;
			productName = Example;
			productReference = 6BC3E7891E87A2C400389903 /* Example.app */;
			productType = "com.apple.product-type.application";
		};
/* End PBXNativeTarget section */

/* Begin PBXProject section */
		6BC3E7811E87A2C400389903 /* Project object */ = {
			isa = PBXProject;
			attributes = {
				LastSwiftUpdateCheck = 0820;
				LastUpgradeCheck = 0820;
				ORGANIZATIONNAME = "JT Ma";
				TargetAttributes = {
					6BC3E7881E87A2C400389903 = {
						CreatedOnToolsVersion = 8.2.1;
						DevelopmentTeam = C94329WK33;
						ProvisioningStyle = Automatic;
					};
				};
			};
			buildConfigurationList = 6BC3E7841E87A2C400389903 /* Build configuration list for PBXProject "Example" */;
			compatibilityVersion = "Xcode 3.2";
			developmentRegion = English;
			hasScannedForEncodings = 0;
			knownRegions = (
				en,
				Base,
			);
			mainGroup = 6BC3E7801E87A2C400389903;
			productRefGroup = 6BC3E78A1E87A2C400389903 /* Products */;
			projectDirPath = "";
			projectRoot = "";
			targets = (
				6BC3E7881E87A2C400389903 /* Example */,
			);
		};
/* End PBXProject section */

/* Begin PBXResourcesBuildPhase section */
		6BC3E7871E87A2C400389903 /* Resources */ = {
			isa = PBXResourcesBuildPhase;
			buildActionMask = 2147483647;
			files = (
				6BC3E7971E87A2C400389903 /* LaunchScreen.storyboard in Resources */,
				6BC3E7941E87A2C400389903 /* Assets.xcassets in Resources */,
				6BC3E7921E87A2C400389903 /* Main.storyboard in Resources */,
				6BE57A271F1C94E100123447 /* lvwenhancom.cer in Resources */,
			);
			runOnlyForDeploymentPostprocessing = 0;
		};
/* End PBXResourcesBuildPhase section */

/* Begin PBXSourcesBuildPhase section */
		6BC3E7851E87A2C400389903 /* Sources */ = {
			isa = PBXSourcesBuildPhase;
			buildActionMask = 2147483647;
			files = (
				6BC3E7A11E87A2FA00389903 /* Download.swift in Sources */,
				6BC3E78F1E87A2C400389903 /* ViewController.swift in Sources */,
				6BC3E7A51E88A60E00389903 /* HTTPManager.swift in Sources */,
				6B03E63E1F2B066E00E24F1A /* HTTPCookieManager.swift in Sources */,
				6BC3E7A71E88A6AE00389903 /* HTTPMethod.swift in Sources */,
				6BC3E78D1E87A2C400389903 /* AppDelegate.swift in Sources */,
				6BE57A211F1C640A00123447 /* Network.swift in Sources */,
				6BE57A231F1C694300123447 /* UpdateFile.swift in Sources */,
				6BC3E7A21E87A2FA00389903 /* DownloadManager.swift in Sources */,
			);
			runOnlyForDeploymentPostprocessing = 0;
		};
/* End PBXSourcesBuildPhase section */

/* Begin PBXVariantGroup section */
		6BC3E7901E87A2C400389903 /* Main.storyboard */ = {
			isa = PBXVariantGroup;
			children = (
				6BC3E7911E87A2C400389903 /* Base */,
			);
			name = Main.storyboard;
			sourceTree = "<group>";
		};
		6BC3E7951E87A2C400389903 /* LaunchScreen.storyboard */ = {
			isa = PBXVariantGroup;
			children = (
				6BC3E7961E87A2C400389903 /* Base */,
			);
			name = LaunchScreen.storyboard;
			sourceTree = "<group>";
		};
/* End PBXVariantGroup section */

/* Begin XCBuildConfiguration section */
		6BC3E7991E87A2C400389903 /* Debug */ = {
			isa = XCBuildConfiguration;
			buildSettings = {
				ALWAYS_SEARCH_USER_PATHS = NO;
				CLANG_ANALYZER_NONNULL = YES;
				CLANG_CXX_LANGUAGE_STANDARD = "gnu++0x";
				CLANG_CXX_LIBRARY = "libc++";
				CLANG_ENABLE_MODULES = YES;
				CLANG_ENABLE_OBJC_ARC = YES;
				CLANG_WARN_BOOL_CONVERSION = YES;
				CLANG_WARN_CONSTANT_CONVERSION = YES;
				CLANG_WARN_DIRECT_OBJC_ISA_USAGE = YES_ERROR;
				CLANG_WARN_DOCUMENTATION_COMMENTS = YES;
				CLANG_WARN_EMPTY_BODY = YES;
				CLANG_WARN_ENUM_CONVERSION = YES;
				CLANG_WARN_INFINITE_RECURSION = YES;
				CLANG_WARN_INT_CONVERSION = YES;
				CLANG_WARN_OBJC_ROOT_CLASS = YES_ERROR;
				CLANG_WARN_SUSPICIOUS_MOVE = YES;
				CLANG_WARN_UNREACHABLE_CODE = YES;
				CLANG_WARN__DUPLICATE_METHOD_MATCH = YES;
				"CODE_SIGN_IDENTITY[sdk=iphoneos*]" = "iPhone Developer";
				COPY_PHASE_STRIP = NO;
				DEBUG_INFORMATION_FORMAT = dwarf;
				ENABLE_STRICT_OBJC_MSGSEND = YES;
				ENABLE_TESTABILITY = YES;
				GCC_C_LANGUAGE_STANDARD = gnu99;
				GCC_DYNAMIC_NO_PIC = NO;
				GCC_NO_COMMON_BLOCKS = YES;
				GCC_OPTIMIZATION_LEVEL = 0;
				GCC_PREPROCESSOR_DEFINITIONS = (
					"DEBUG=1",
					"$(inherited)",
				);
				GCC_WARN_64_TO_32_BIT_CONVERSION = YES;
				GCC_WARN_ABOUT_RETURN_TYPE = YES_ERROR;
				GCC_WARN_UNDECLARED_SELECTOR = YES;
				GCC_WARN_UNINITIALIZED_AUTOS = YES_AGGRESSIVE;
				GCC_WARN_UNUSED_FUNCTION = YES;
				GCC_WARN_UNUSED_VARIABLE = YES;
				IPHONEOS_DEPLOYMENT_TARGET = 8.0;
				MTL_ENABLE_DEBUG_INFO = YES;
				ONLY_ACTIVE_ARCH = YES;
				SDKROOT = iphoneos;
				SWIFT_ACTIVE_COMPILATION_CONDITIONS = DEBUG;
				SWIFT_OPTIMIZATION_LEVEL = "-Onone";
				TARGETED_DEVICE_FAMILY = "1,2";
			};
			name = Debug;
		};
		6BC3E79A1E87A2C400389903 /* Release */ = {
			isa = XCBuildConfiguration;
			buildSettings = {
				ALWAYS_SEARCH_USER_PATHS = NO;
				CLANG_ANALYZER_NONNULL = YES;
				CLANG_CXX_LANGUAGE_STANDARD = "gnu++0x";
				CLANG_CXX_LIBRARY = "libc++";
				CLANG_ENABLE_MODULES = YES;
				CLANG_ENABLE_OBJC_ARC = YES;
				CLANG_WARN_BOOL_CONVERSION = YES;
				CLANG_WARN_CONSTANT_CONVERSION = YES;
				CLANG_WARN_DIRECT_OBJC_ISA_USAGE = YES_ERROR;
				CLANG_WARN_DOCUMENTATION_COMMENTS = YES;
				CLANG_WARN_EMPTY_BODY = YES;
				CLANG_WARN_ENUM_CONVERSION = YES;
				CLANG_WARN_INFINITE_RECURSION = YES;
				CLANG_WARN_INT_CONVERSION = YES;
				CLANG_WARN_OBJC_ROOT_CLASS = YES_ERROR;
				CLANG_WARN_SUSPICIOUS_MOVE = YES;
				CLANG_WARN_UNREACHABLE_CODE = YES;
				CLANG_WARN__DUPLICATE_METHOD_MATCH = YES;
				"CODE_SIGN_IDENTITY[sdk=iphoneos*]" = "iPhone Developer";
				COPY_PHASE_STRIP = NO;
				DEBUG_INFORMATION_FORMAT = "dwarf-with-dsym";
				ENABLE_NS_ASSERTIONS = NO;
				ENABLE_STRICT_OBJC_MSGSEND = YES;
				GCC_C_LANGUAGE_STANDARD = gnu99;
				GCC_NO_COMMON_BLOCKS = YES;
				GCC_WARN_64_TO_32_BIT_CONVERSION = YES;
				GCC_WARN_ABOUT_RETURN_TYPE = YES_ERROR;
				GCC_WARN_UNDECLARED_SELECTOR = YES;
				GCC_WARN_UNINITIALIZED_AUTOS = YES_AGGRESSIVE;
				GCC_WARN_UNUSED_FUNCTION = YES;
				GCC_WARN_UNUSED_VARIABLE = YES;
				IPHONEOS_DEPLOYMENT_TARGET = 8.0;
				MTL_ENABLE_DEBUG_INFO = NO;
				SDKROOT = iphoneos;
				SWIFT_OPTIMIZATION_LEVEL = "-Owholemodule";
				TARGETED_DEVICE_FAMILY = "1,2";
				VALIDATE_PRODUCT = YES;
			};
			name = Release;
		};
		6BC3E79C1E87A2C400389903 /* Debug */ = {
			isa = XCBuildConfiguration;
			buildSettings = {
				ASSETCATALOG_COMPILER_APPICON_NAME = AppIcon;
				DEVELOPMENT_TEAM = C94329WK33;
				INFOPLIST_FILE = Example/Info.plist;
				LD_RUNPATH_SEARCH_PATHS = "$(inherited) @executable_path/Frameworks";
				PRODUCT_BUNDLE_IDENTIFIER = com.hiscene.Example;
				PRODUCT_NAME = "$(TARGET_NAME)";
				SWIFT_VERSION = 3.0;
			};
			name = Debug;
		};
		6BC3E79D1E87A2C400389903 /* Release */ = {
			isa = XCBuildConfiguration;
			buildSettings = {
				ASSETCATALOG_COMPILER_APPICON_NAME = AppIcon;
				DEVELOPMENT_TEAM = C94329WK33;
				INFOPLIST_FILE = Example/Info.plist;
				LD_RUNPATH_SEARCH_PATHS = "$(inherited) @executable_path/Frameworks";
				PRODUCT_BUNDLE_IDENTIFIER = com.hiscene.Example;
				PRODUCT_NAME = "$(TARGET_NAME)";
				SWIFT_VERSION = 3.0;
			};
			name = Release;
		};
/* End XCBuildConfiguration section */

/* Begin XCConfigurationList section */
		6BC3E7841E87A2C400389903 /* Build configuration list for PBXProject "Example" */ = {
			isa = XCConfigurationList;
			buildConfigurations = (
				6BC3E7991E87A2C400389903 /* Debug */,
				6BC3E79A1E87A2C400389903 /* Release */,
			);
			defaultConfigurationIsVisible = 0;
			defaultConfigurationName = Release;
		};
		6BC3E79B1E87A2C400389903 /* Build configuration list for PBXNativeTarget "Example" */ = {
			isa = XCConfigurationList;
			buildConfigurations = (
				6BC3E79C1E87A2C400389903 /* Debug */,
				6BC3E79D1E87A2C400389903 /* Release */,
			);
			defaultConfigurationIsVisible = 0;
			defaultConfigurationName = Release;
		};
/* End XCConfigurationList section */
	};
	rootObject = 6BC3E7811E87A2C400389903 /* Project object */;
}
